
Microsoft Visual Studio Solution File, Format Version 12.00
# Visual Studio Version 17
VisualStudioVersion = 17.11.35303.130
MinimumVisualStudioVersion = 10.0.40219.1
Project("{9A19103F-16F7-4668-BE54-9A1E7A4F7556}") = "ASC.Web", "ASC.Web\ASC.Web.csproj", "{9B31FE2A-5CE8-4472-8C51-10785AD18127}"
EndProject
Project("{9A19103F-16F7-4668-BE54-9A1E7A4F7556}") = "ASC.Business", "ASC.Business\ASC.Business.csproj", "{46BA64A1-4E43-45B1-940F-1A8630E75FC1}"
EndProject
Project("{9A19103F-16F7-4668-BE54-9A1E7A4F7556}") = "ASC.DataAccess", "ASC.DataAccess\ASC.DataAccess.csproj", "{B69204E3-7649-44AD-AF3B-76D07688A62B}"
EndProject
Project("{9A19103F-16F7-4668-BE54-9A1E7A4F7556}") = "ASC.Model", "ASC.Model\ASC.Model.csproj", "{6BB5220C-1C4E-4AD7-87D9-EACF8A23A848}"
EndProject
Project("{9A19103F-16F7-4668-BE54-9A1E7A4F7556}") = "ASC.Utilities", "ASC.Utilities\ASC.Utilities.csproj", "{10983A2D-77EB-4056-907C-0AC45B093B98}"
EndProject
Project("{9A19103F-16F7-4668-BE54-9A1E7A4F7556}") = "ASC.Tests", "ASC.Tests\ASC.Tests.csproj", "{A0F148A0-A2D5-418A-8F16-254A3C4A7313}"
EndProject
Global
	GlobalSection(SolutionConfigurationPlatforms) = preSolution
		Debug|Any CPU = Debug|Any CPU
		Release|Any CPU = Release|Any CPU
	EndGlobalSection
	GlobalSection(ProjectConfigurationPlatforms) = postSolution
		{9B31FE2A-5CE8-4472-8C51-10785AD18127}.Debug|Any CPU.ActiveCfg = Debug|Any CPU
		{9B31FE2A-5CE8-4472-8C51-10785AD18127}.Debug|Any CPU.Build.0 = Debug|Any CPU
		{9B31FE2A-5CE8-4472-8C51-10785AD18127}.Release|Any CPU.ActiveCfg = Release|Any CPU
		{9B31FE2A-5CE8-4472-8C51-10785AD18127}.Release|Any CPU.Build.0 = Release|Any CPU
		{46BA64A1-4E43-45B1-940F-1A8630E75FC1}.Debug|Any CPU.ActiveCfg = Debug|Any CPU
		{46BA64A1-4E43-45B1-940F-1A8630E75FC1}.Debug|Any CPU.Build.0 = Debug|Any CPU
		{46BA64A1-4E43-45B1-940F-1A8630E75FC1}.Release|Any CPU.ActiveCfg = Release|Any CPU
		{46BA64A1-4E43-45B1-940F-1A8630E75FC1}.Release|Any CPU.Build.0 = Release|Any CPU
		{B69204E3-7649-44AD-AF3B-76D07688A62B}.Debug|Any CPU.ActiveCfg = Debug|Any CPU
		{B69204E3-7649-44AD-AF3B-76D07688A62B}.Debug|Any CPU.Build.0 = Debug|Any CPU
		{B69204E3-7649-44AD-AF3B-76D07688A62B}.Release|Any CPU.ActiveCfg = Release|Any CPU
		{B69204E3-7649-44AD-AF3B-76D07688A62B}.Release|Any CPU.Build.0 = Release|Any CPU
		{6BB5220C-1C4E-4AD7-87D9-EACF8A23A848}.Debug|Any CPU.ActiveCfg = Debug|Any CPU
		{6BB5220C-1C4E-4AD7-87D9-EACF8A23A848}.Debug|Any CPU.Build.0 = Debug|Any CPU
		{6BB5220C-1C4E-4AD7-87D9-EACF8A23A848}.Release|Any CPU.ActiveCfg = Release|Any CPU
		{6BB5220C-1C4E-4AD7-87D9-EACF8A23A848}.Release|Any CPU.Build.0 = Release|Any CPU
		{10983A2D-77EB-4056-907C-0AC45B093B98}.Debug|Any CPU.ActiveCfg = Debug|Any CPU
		{10983A2D-77EB-4056-907C-0AC45B093B98}.Debug|Any CPU.Build.0 = Debug|Any CPU
		{10983A2D-77EB-4056-907C-0AC45B093B98}.Release|Any CPU.ActiveCfg = Release|Any CPU
		{10983A2D-77EB-4056-907C-0AC45B093B98}.Release|Any CPU.Build.0 = Release|Any CPU
		{A0F148A0-A2D5-418A-8F16-254A3C4A7313}.Debug|Any CPU.ActiveCfg = Debug|Any CPU
		{A0F148A0-A2D5-418A-8F16-254A3C4A7313}.Debug|Any CPU.Build.0 = Debug|Any CPU
		{A0F148A0-A2D5-418A-8F16-254A3C4A7313}.Release|Any CPU.ActiveCfg = Release|Any CPU
		{A0F148A0-A2D5-418A-8F16-254A3C4A7313}.Release|Any CPU.Build.0 = Release|Any CPU
	EndGlobalSection
	GlobalSection(SolutionProperties) = preSolution
		HideSolutionNode = FALSE
	EndGlobalSection
	GlobalSection(ExtensibilityGlobals) = postSolution
		SolutionGuid = {FC6D9CB1-D75E-41E8-AD23-692F4D521870}
	EndGlobalSection
EndGlobal
